
Microsoft Visual Studio Solution File, Format Version 12.00
# Visual Studio Version 17
VisualStudioVersion = 17.14.36401.2
MinimumVisualStudioVersion = 10.0.40219.1
Project("{FAE04EC0-301F-11D3-BF4B-00C04F79EFBC}") = "HOTEL_MINI", "HOTEL_MINI\HOTEL_MINI.csproj", "{67EBB2FF-4454-48AF-8E11-7B9FE0403E93}"
EndProject
Project("{FAE04EC0-301F-11D3-BF4B-00C04F79EFBC}") = "Connec_Database", "..\CT07N0153_TranTrongThinh_4th9\Connec_Database\Connec_Database.csproj", "{C3B918F0-55B5-4FB6-94C1-926D858FD913}"
EndProject
Global
	GlobalSection(SolutionConfigurationPlatforms) = preSolution
		Debug|Any CPU = Debug|Any CPU
		Release|Any CPU = Release|Any CPU
	EndGlobalSection
	GlobalSection(ProjectConfigurationPlatforms) = postSolution
		{67EBB2FF-4454-48AF-8E11-7B9FE0403E93}.Debug|Any CPU.ActiveCfg = Debug|Any CPU
		{67EBB2FF-4454-48AF-8E11-7B9FE0403E93}.Debug|Any CPU.Build.0 = Debug|Any CPU
		{67EBB2FF-4454-48AF-8E11-7B9FE0403E93}.Release|Any CPU.ActiveCfg = Release|Any CPU
		{67EBB2FF-4454-48AF-8E11-7B9FE0403E93}.Release|Any CPU.Build.0 = Release|Any CPU
		{C3B918F0-55B5-4FB6-94C1-926D858FD913}.Debug|Any CPU.ActiveCfg = Debug|Any CPU
		{C3B918F0-55B5-4FB6-94C1-926D858FD913}.Debug|Any CPU.Build.0 = Debug|Any CPU
		{C3B918F0-55B5-4FB6-94C1-926D858FD913}.Release|Any CPU.ActiveCfg = Release|Any CPU
		{C3B918F0-55B5-4FB6-94C1-926D858FD913}.Release|Any CPU.Build.0 = Release|Any CPU
	EndGlobalSection
	GlobalSection(SolutionProperties) = preSolution
		HideSolutionNode = FALSE
	EndGlobalSection
	GlobalSection(ExtensibilityGlobals) = postSolution
		SolutionGuid = {B2FF0B10-EF5F-4F40-8BD2-1DA65034BE0A}
	EndGlobalSection
EndGlobal
