
Microsoft Visual Studio Solution File, Format Version 12.00
# Visual Studio Version 17
VisualStudioVersion = 17.14.36401.2
MinimumVisualStudioVersion = 10.0.40219.1
Project("{FAE04EC0-301F-11D3-BF4B-00C04F79EFBC}") = "HOTEL_MINI", "HOTEL_MINI\HOTEL_MINI.csproj", "{67EBB2FF-4454-48AF-8E11-7B9FE0403E93}"
EndProject
Project("{FAE04EC0-301F-11D3-BF4B-00C04F79EFBC}") = "CT07N0153_Thinh", "..\09092025\09092025\CT07N0153_Thinh\CT07N0153_Thinh.csproj", "{277C9A7F-A454-8688-FFDE-7E71761D7C06}"
EndProject
Global
	GlobalSection(SolutionConfigurationPlatforms) = preSolution
		Debug|Any CPU = Debug|Any CPU
		Release|Any CPU = Release|Any CPU
	EndGlobalSection
	GlobalSection(ProjectConfigurationPlatforms) = postSolution
		{67EBB2FF-4454-48AF-8E11-7B9FE0403E93}.Debug|Any CPU.ActiveCfg = Debug|Any CPU
		{67EBB2FF-4454-48AF-8E11-7B9FE0403E93}.Debug|Any CPU.Build.0 = Debug|Any CPU
		{67EBB2FF-4454-48AF-8E11-7B9FE0403E93}.Release|Any CPU.ActiveCfg = Release|Any CPU
		{67EBB2FF-4454-48AF-8E11-7B9FE0403E93}.Release|Any CPU.Build.0 = Release|Any CPU
		{277C9A7F-A454-8688-FFDE-7E71761D7C06}.Debug|Any CPU.ActiveCfg = Debug|Any CPU
		{277C9A7F-A454-8688-FFDE-7E71761D7C06}.Debug|Any CPU.Build.0 = Debug|Any CPU
		{277C9A7F-A454-8688-FFDE-7E71761D7C06}.Release|Any CPU.ActiveCfg = Release|Any CPU
		{277C9A7F-A454-8688-FFDE-7E71761D7C06}.Release|Any CPU.Build.0 = Release|Any CPU
	EndGlobalSection
	GlobalSection(SolutionProperties) = preSolution
		HideSolutionNode = FALSE
	EndGlobalSection
	GlobalSection(ExtensibilityGlobals) = postSolution
		SolutionGuid = {B2FF0B10-EF5F-4F40-8BD2-1DA65034BE0A}
	EndGlobalSection
EndGlobal
